
Microsoft Visual Studio Solution File, Format Version 12.00
Project("{FAE04EC0-301F-11D3-BF4B-00C04F79EFBC}") = "ConsoleAppWithDb", "ConsoleAppWithDb\ConsoleAppWithDb.csproj", "{73AF0C59-ECAB-4CA2-ADBA-4A2CA5134668}"
EndProject
Global
	GlobalSection(SolutionConfigurationPlatforms) = preSolution
		Debug|Any CPU = Debug|Any CPU
		Release|Any CPU = Release|Any CPU
	EndGlobalSection
	GlobalSection(ProjectConfigurationPlatforms) = postSolution
		{73AF0C59-ECAB-4CA2-ADBA-4A2CA5134668}.Debug|Any CPU.ActiveCfg = Debug|Any CPU
		{73AF0C59-ECAB-4CA2-ADBA-4A2CA5134668}.Debug|Any CPU.Build.0 = Debug|Any CPU
		{73AF0C59-ECAB-4CA2-ADBA-4A2CA5134668}.Release|Any CPU.ActiveCfg = Release|Any CPU
		{73AF0C59-ECAB-4CA2-ADBA-4A2CA5134668}.Release|Any CPU.Build.0 = Release|Any CPU
	EndGlobalSection
EndGlobal
